// !$*UTF8*$!
{
	archiveVersion = 1;
	classes = {
	};
	objectVersion = 50;
	objects = {

/* Begin PBXBuildFile section */
		A51C26CC212CA0D600882DCD /* IntroViewController.swift in Sources */ = {isa = PBXBuildFile; fileRef = A51C26CB212CA0D600882DCD /* IntroViewController.swift */; };
		A51C6030212E95F2001D23E0 /* CharacterSpriteNode.swift in Sources */ = {isa = PBXBuildFile; fileRef = A51C602F212E95F2001D23E0 /* CharacterSpriteNode.swift */; };
		A51C6032212EA011001D23E0 /* SceneLightNode.swift in Sources */ = {isa = PBXBuildFile; fileRef = A51C6031212EA011001D23E0 /* SceneLightNode.swift */; };
		A5211503212DB7F400A10D7E /* TrackingSquare.swift in Sources */ = {isa = PBXBuildFile; fileRef = A5211502212DB7F400A10D7E /* TrackingSquare.swift */; };
		A531254B2126A06B00CED823 /* AppDelegate.swift in Sources */ = {isa = PBXBuildFile; fileRef = A531254A2126A06B00CED823 /* AppDelegate.swift */; };
		A531254D2126A06B00CED823 /* art.scnassets in Resources */ = {isa = PBXBuildFile; fileRef = A531254C2126A06B00CED823 /* art.scnassets */; };
		A531254F2126A06B00CED823 /* ARViewController.swift in Sources */ = {isa = PBXBuildFile; fileRef = A531254E2126A06B00CED823 /* ARViewController.swift */; };
		A53125522126A06B00CED823 /* Main.storyboard in Resources */ = {isa = PBXBuildFile; fileRef = A53125502126A06B00CED823 /* Main.storyboard */; };
		A53125542126A06E00CED823 /* Assets.xcassets in Resources */ = {isa = PBXBuildFile; fileRef = A53125532126A06E00CED823 /* Assets.xcassets */; };
		A53125572126A06E00CED823 /* LaunchScreen.storyboard in Resources */ = {isa = PBXBuildFile; fileRef = A53125552126A06E00CED823 /* LaunchScreen.storyboard */; };
		A531256621284F9400CED823 /* Character.atlas in Resources */ = {isa = PBXBuildFile; fileRef = A531256521284F9400CED823 /* Character.atlas */; };
/* End PBXBuildFile section */

/* Begin PBXFileReference section */
		A51C26CB212CA0D600882DCD /* IntroViewController.swift */ = {isa = PBXFileReference; lastKnownFileType = sourcecode.swift; path = IntroViewController.swift; sourceTree = "<group>"; };
		A51C602F212E95F2001D23E0 /* CharacterSpriteNode.swift */ = {isa = PBXFileReference; lastKnownFileType = sourcecode.swift; path = CharacterSpriteNode.swift; sourceTree = "<group>"; };
		A51C6031212EA011001D23E0 /* SceneLightNode.swift */ = {isa = PBXFileReference; lastKnownFileType = sourcecode.swift; path = SceneLightNode.swift; sourceTree = "<group>"; };
		A5211502212DB7F400A10D7E /* TrackingSquare.swift */ = {isa = PBXFileReference; lastKnownFileType = sourcecode.swift; path = TrackingSquare.swift; sourceTree = "<group>"; };
		A53125472126A06B00CED823 /* ARCharacter.app */ = {isa = PBXFileReference; explicitFileType = wrapper.application; includeInIndex = 0; path = ARCharacter.app; sourceTree = BUILT_PRODUCTS_DIR; };
		A531254A2126A06B00CED823 /* AppDelegate.swift */ = {isa = PBXFileReference; lastKnownFileType = sourcecode.swift; path = AppDelegate.swift; sourceTree = "<group>"; };
		A531254C2126A06B00CED823 /* art.scnassets */ = {isa = PBXFileReference; lastKnownFileType = wrapper.scnassets; path = art.scnassets; sourceTree = "<group>"; };
		A531254E2126A06B00CED823 /* ARViewController.swift */ = {isa = PBXFileReference; lastKnownFileType = sourcecode.swift; path = ARViewController.swift; sourceTree = "<group>"; };
		A53125512126A06B00CED823 /* Base */ = {isa = PBXFileReference; lastKnownFileType = file.storyboard; name = Base; path = Base.lproj/Main.storyboard; sourceTree = "<group>"; };
		A53125532126A06E00CED823 /* Assets.xcassets */ = {isa = PBXFileReference; lastKnownFileType = folder.assetcatalog; path = Assets.xcassets; sourceTree = "<group>"; };
		A53125562126A06E00CED823 /* Base */ = {isa = PBXFileReference; lastKnownFileType = file.storyboard; name = Base; path = Base.lproj/LaunchScreen.storyboard; sourceTree = "<group>"; };
		A53125582126A06E00CED823 /* Info.plist */ = {isa = PBXFileReference; lastKnownFileType = text.plist.xml; path = Info.plist; sourceTree = "<group>"; };
		A531256521284F9400CED823 /* Character.atlas */ = {isa = PBXFileReference; lastKnownFileType = folder.skatlas; path = Character.atlas; sourceTree = "<group>"; };
/* End PBXFileReference section */

/* Begin PBXFrameworksBuildPhase section */
		A53125442126A06B00CED823 /* Frameworks */ = {
			isa = PBXFrameworksBuildPhase;
			buildActionMask = 2147483647;
			files = (
			);
			runOnlyForDeploymentPostprocessing = 0;
		};
/* End PBXFrameworksBuildPhase section */

/* Begin PBXGroup section */
		A5211501212DB7A700A10D7E /* Virtual objects */ = {
			isa = PBXGroup;
			children = (
				A5211502212DB7F400A10D7E /* TrackingSquare.swift */,
				A51C602F212E95F2001D23E0 /* CharacterSpriteNode.swift */,
				A51C6031212EA011001D23E0 /* SceneLightNode.swift */,
			);
			path = "Virtual objects";
			sourceTree = "<group>";
		};
		A531253E2126A06B00CED823 = {
			isa = PBXGroup;
			children = (
				A53125492126A06B00CED823 /* ARCharacter */,
				A53125482126A06B00CED823 /* Products */,
			);
			sourceTree = "<group>";
		};
		A53125482126A06B00CED823 /* Products */ = {
			isa = PBXGroup;
			children = (
				A53125472126A06B00CED823 /* ARCharacter.app */,
			);
			name = Products;
			sourceTree = "<group>";
		};
		A53125492126A06B00CED823 /* ARCharacter */ = {
			isa = PBXGroup;
			children = (
				A5211501212DB7A700A10D7E /* Virtual objects */,
				A53125602126A0A000CED823 /* ViewControllers */,
				A531255F2126A09800CED823 /* Resources */,
				A531255E2126A08A00CED823 /* Application */,
			);
			path = ARCharacter;
			sourceTree = "<group>";
		};
		A531255E2126A08A00CED823 /* Application */ = {
			isa = PBXGroup;
			children = (
				A531254A2126A06B00CED823 /* AppDelegate.swift */,
				A53125582126A06E00CED823 /* Info.plist */,
			);
			path = Application;
			sourceTree = "<group>";
		};
		A531255F2126A09800CED823 /* Resources */ = {
			isa = PBXGroup;
			children = (
				A53125502126A06B00CED823 /* Main.storyboard */,
				A53125552126A06E00CED823 /* LaunchScreen.storyboard */,
				A531254C2126A06B00CED823 /* art.scnassets */,
				A53125532126A06E00CED823 /* Assets.xcassets */,
				A531256521284F9400CED823 /* Character.atlas */,
			);
			path = Resources;
			sourceTree = "<group>";
		};
		A53125602126A0A000CED823 /* ViewControllers */ = {
			isa = PBXGroup;
			children = (
				A531254E2126A06B00CED823 /* ARViewController.swift */,
				A51C26CB212CA0D600882DCD /* IntroViewController.swift */,
			);
			path = ViewControllers;
			sourceTree = "<group>";
		};
/* End PBXGroup section */

/* Begin PBXNativeTarget section */
		A53125462126A06B00CED823 /* ARCharacter */ = {
			isa = PBXNativeTarget;
			buildConfigurationList = A531255B2126A06E00CED823 /* Build configuration list for PBXNativeTarget "ARCharacter" */;
			buildPhases = (
				A53125432126A06B00CED823 /* Sources */,
				A53125442126A06B00CED823 /* Frameworks */,
				A53125452126A06B00CED823 /* Resources */,
			);
			buildRules = (
			);
			dependencies = (
			);
			name = ARCharacter;
			productName = ARCharacter;
			productReference = A53125472126A06B00CED823 /* ARCharacter.app */;
			productType = "com.apple.product-type.application";
		};
/* End PBXNativeTarget section */

/* Begin PBXProject section */
		A531253F2126A06B00CED823 /* Project object */ = {
			isa = PBXProject;
			attributes = {
				LastSwiftUpdateCheck = 0940;
				LastUpgradeCheck = 0940;
				ORGANIZATIONNAME = NLab;
				TargetAttributes = {
					A53125462126A06B00CED823 = {
						CreatedOnToolsVersion = 9.4.1;
					};
				};
			};
			buildConfigurationList = A53125422126A06B00CED823 /* Build configuration list for PBXProject "ARCharacter" */;
			compatibilityVersion = "Xcode 9.3";
			developmentRegion = en;
			hasScannedForEncodings = 0;
			knownRegions = (
				en,
				Base,
			);
			mainGroup = A531253E2126A06B00CED823;
			productRefGroup = A53125482126A06B00CED823 /* Products */;
			projectDirPath = "";
			projectRoot = "";
			targets = (
				A53125462126A06B00CED823 /* ARCharacter */,
			);
		};
/* End PBXProject section */

/* Begin PBXResourcesBuildPhase section */
		A53125452126A06B00CED823 /* Resources */ = {
			isa = PBXResourcesBuildPhase;
			buildActionMask = 2147483647;
			files = (
				A531254D2126A06B00CED823 /* art.scnassets in Resources */,
				A53125572126A06E00CED823 /* LaunchScreen.storyboard in Resources */,
				A53125542126A06E00CED823 /* Assets.xcassets in Resources */,
				A531256621284F9400CED823 /* Character.atlas in Resources */,
				A53125522126A06B00CED823 /* Main.storyboard in Resources */,
			);
			runOnlyForDeploymentPostprocessing = 0;
		};
/* End PBXResourcesBuildPhase section */

/* Begin PBXSourcesBuildPhase section */
		A53125432126A06B00CED823 /* Sources */ = {
			isa = PBXSourcesBuildPhase;
			buildActionMask = 2147483647;
			files = (
				A51C26CC212CA0D600882DCD /* IntroViewController.swift in Sources */,
				A51C6032212EA011001D23E0 /* SceneLightNode.swift in Sources */,
				A531254F2126A06B00CED823 /* ARViewController.swift in Sources */,
				A51C6030212E95F2001D23E0 /* CharacterSpriteNode.swift in Sources */,
				A531254B2126A06B00CED823 /* AppDelegate.swift in Sources */,
				A5211503212DB7F400A10D7E /* TrackingSquare.swift in Sources */,
			);
			runOnlyForDeploymentPostprocessing = 0;
		};
/* End PBXSourcesBuildPhase section */

/* Begin PBXVariantGroup section */
		A53125502126A06B00CED823 /* Main.storyboard */ = {
			isa = PBXVariantGroup;
			children = (
				A53125512126A06B00CED823 /* Base */,
			);
			name = Main.storyboard;
			sourceTree = "<group>";
		};
		A53125552126A06E00CED823 /* LaunchScreen.storyboard */ = {
			isa = PBXVariantGroup;
			children = (
				A53125562126A06E00CED823 /* Base */,
			);
			name = LaunchScreen.storyboard;
			sourceTree = "<group>";
		};
/* End PBXVariantGroup section */

/* Begin XCBuildConfiguration section */
		A53125592126A06E00CED823 /* Debug */ = {
			isa = XCBuildConfiguration;
			buildSettings = {
				ALWAYS_SEARCH_USER_PATHS = NO;
				CLANG_ANALYZER_NONNULL = YES;
				CLANG_ANALYZER_NUMBER_OBJECT_CONVERSION = YES_AGGRESSIVE;
				CLANG_CXX_LANGUAGE_STANDARD = "gnu++14";
				CLANG_CXX_LIBRARY = "libc++";
				CLANG_ENABLE_MODULES = YES;
				CLANG_ENABLE_OBJC_ARC = YES;
				CLANG_ENABLE_OBJC_WEAK = YES;
				CLANG_WARN_BLOCK_CAPTURE_AUTORELEASING = YES;
				CLANG_WARN_BOOL_CONVERSION = YES;
				CLANG_WARN_COMMA = YES;
				CLANG_WARN_CONSTANT_CONVERSION = YES;
				CLANG_WARN_DEPRECATED_OBJC_IMPLEMENTATIONS = YES;
				CLANG_WARN_DIRECT_OBJC_ISA_USAGE = YES_ERROR;
				CLANG_WARN_DOCUMENTATION_COMMENTS = YES;
				CLANG_WARN_EMPTY_BODY = YES;
				CLANG_WARN_ENUM_CONVERSION = YES;
				CLANG_WARN_INFINITE_RECURSION = YES;
				CLANG_WARN_INT_CONVERSION = YES;
				CLANG_WARN_NON_LITERAL_NULL_CONVERSION = YES;
				CLANG_WARN_OBJC_IMPLICIT_RETAIN_SELF = YES;
				CLANG_WARN_OBJC_LITERAL_CONVERSION = YES;
				CLANG_WARN_OBJC_ROOT_CLASS = YES_ERROR;
				CLANG_WARN_RANGE_LOOP_ANALYSIS = YES;
				CLANG_WARN_STRICT_PROTOTYPES = YES;
				CLANG_WARN_SUSPICIOUS_MOVE = YES;
				CLANG_WARN_UNGUARDED_AVAILABILITY = YES_AGGRESSIVE;
				CLANG_WARN_UNREACHABLE_CODE = YES;
				CLANG_WARN__DUPLICATE_METHOD_MATCH = YES;
				CODE_SIGN_IDENTITY = "iPhone Developer";
				COPY_PHASE_STRIP = NO;
				DEBUG_INFORMATION_FORMAT = dwarf;
				ENABLE_STRICT_OBJC_MSGSEND = YES;
				ENABLE_TESTABILITY = YES;
				GCC_C_LANGUAGE_STANDARD = gnu11;
				GCC_DYNAMIC_NO_PIC = NO;
				GCC_NO_COMMON_BLOCKS = YES;
				GCC_OPTIMIZATION_LEVEL = 0;
				GCC_PREPROCESSOR_DEFINITIONS = (
					"DEBUG=1",
					"$(inherited)",
				);
				GCC_WARN_64_TO_32_BIT_CONVERSION = YES;
				GCC_WARN_ABOUT_RETURN_TYPE = YES_ERROR;
				GCC_WARN_UNDECLARED_SELECTOR = YES;
				GCC_WARN_UNINITIALIZED_AUTOS = YES_AGGRESSIVE;
				GCC_WARN_UNUSED_FUNCTION = YES;
				GCC_WARN_UNUSED_VARIABLE = YES;
				IPHONEOS_DEPLOYMENT_TARGET = 11.4;
				MTL_ENABLE_DEBUG_INFO = YES;
				ONLY_ACTIVE_ARCH = YES;
				SDKROOT = iphoneos;
				SWIFT_ACTIVE_COMPILATION_CONDITIONS = DEBUG;
				SWIFT_OPTIMIZATION_LEVEL = "-Onone";
			};
			name = Debug;
		};
		A531255A2126A06E00CED823 /* Release */ = {
			isa = XCBuildConfiguration;
			buildSettings = {
				ALWAYS_SEARCH_USER_PATHS = NO;
				CLANG_ANALYZER_NONNULL = YES;
				CLANG_ANALYZER_NUMBER_OBJECT_CONVERSION = YES_AGGRESSIVE;
				CLANG_CXX_LANGUAGE_STANDARD = "gnu++14";
				CLANG_CXX_LIBRARY = "libc++";
				CLANG_ENABLE_MODULES = YES;
				CLANG_ENABLE_OBJC_ARC = YES;
				CLANG_ENABLE_OBJC_WEAK = YES;
				CLANG_WARN_BLOCK_CAPTURE_AUTORELEASING = YES;
				CLANG_WARN_BOOL_CONVERSION = YES;
				CLANG_WARN_COMMA = YES;
				CLANG_WARN_CONSTANT_CONVERSION = YES;
				CLANG_WARN_DEPRECATED_OBJC_IMPLEMENTATIONS = YES;
				CLANG_WARN_DIRECT_OBJC_ISA_USAGE = YES_ERROR;
				CLANG_WARN_DOCUMENTATION_COMMENTS = YES;
				CLANG_WARN_EMPTY_BODY = YES;
				CLANG_WARN_ENUM_CONVERSION = YES;
				CLANG_WARN_INFINITE_RECURSION = YES;
				CLANG_WARN_INT_CONVERSION = YES;
				CLANG_WARN_NON_LITERAL_NULL_CONVERSION = YES;
				CLANG_WARN_OBJC_IMPLICIT_RETAIN_SELF = YES;
				CLANG_WARN_OBJC_LITERAL_CONVERSION = YES;
				CLANG_WARN_OBJC_ROOT_CLASS = YES_ERROR;
				CLANG_WARN_RANGE_LOOP_ANALYSIS = YES;
				CLANG_WARN_STRICT_PROTOTYPES = YES;
				CLANG_WARN_SUSPICIOUS_MOVE = YES;
				CLANG_WARN_UNGUARDED_AVAILABILITY = YES_AGGRESSIVE;
				CLANG_WARN_UNREACHABLE_CODE = YES;
				CLANG_WARN__DUPLICATE_METHOD_MATCH = YES;
				CODE_SIGN_IDENTITY = "iPhone Developer";
				COPY_PHASE_STRIP = NO;
				DEBUG_INFORMATION_FORMAT = "dwarf-with-dsym";
				ENABLE_NS_ASSERTIONS = NO;
				ENABLE_STRICT_OBJC_MSGSEND = YES;
				GCC_C_LANGUAGE_STANDARD = gnu11;
				GCC_NO_COMMON_BLOCKS = YES;
				GCC_WARN_64_TO_32_BIT_CONVERSION = YES;
				GCC_WARN_ABOUT_RETURN_TYPE = YES_ERROR;
				GCC_WARN_UNDECLARED_SELECTOR = YES;
				GCC_WARN_UNINITIALIZED_AUTOS = YES_AGGRESSIVE;
				GCC_WARN_UNUSED_FUNCTION = YES;
				GCC_WARN_UNUSED_VARIABLE = YES;
				IPHONEOS_DEPLOYMENT_TARGET = 11.4;
				MTL_ENABLE_DEBUG_INFO = NO;
				SDKROOT = iphoneos;
				SWIFT_COMPILATION_MODE = wholemodule;
				SWIFT_OPTIMIZATION_LEVEL = "-O";
				VALIDATE_PRODUCT = YES;
			};
			name = Release;
		};
		A531255C2126A06E00CED823 /* Debug */ = {
			isa = XCBuildConfiguration;
			buildSettings = {
				ASSETCATALOG_COMPILER_APPICON_NAME = AppIcon;
				CODE_SIGN_STYLE = Automatic;
				DEVELOPMENT_TEAM = Y2X6C6J4H2;
				INFOPLIST_FILE = "$(SRCROOT)/ARCharacter/Application/Info.plist";
				LD_RUNPATH_SEARCH_PATHS = (
					"$(inherited)",
					"@executable_path/Frameworks",
				);
				PRODUCT_BUNDLE_IDENTIFIER = NL.ARCharacter;
				PRODUCT_NAME = "$(TARGET_NAME)";
				SWIFT_VERSION = 4.0;
				TARGETED_DEVICE_FAMILY = 1;
			};
			name = Debug;
		};
		A531255D2126A06E00CED823 /* Release */ = {
			isa = XCBuildConfiguration;
			buildSettings = {
				ASSETCATALOG_COMPILER_APPICON_NAME = AppIcon;
				CODE_SIGN_STYLE = Automatic;
				DEVELOPMENT_TEAM = Y2X6C6J4H2;
				INFOPLIST_FILE = "$(SRCROOT)/ARCharacter/Application/Info.plist";
				LD_RUNPATH_SEARCH_PATHS = (
					"$(inherited)",
					"@executable_path/Frameworks",
				);
				PRODUCT_BUNDLE_IDENTIFIER = NL.ARCharacter;
				PRODUCT_NAME = "$(TARGET_NAME)";
				SWIFT_VERSION = 4.0;
				TARGETED_DEVICE_FAMILY = 1;
			};
			name = Release;
		};
/* End XCBuildConfiguration section */

/* Begin XCConfigurationList section */
		A53125422126A06B00CED823 /* Build configuration list for PBXProject "ARCharacter" */ = {
			isa = XCConfigurationList;
			buildConfigurations = (
				A53125592126A06E00CED823 /* Debug */,
				A531255A2126A06E00CED823 /* Release */,
			);
			defaultConfigurationIsVisible = 0;
			defaultConfigurationName = Release;
		};
		A531255B2126A06E00CED823 /* Build configuration list for PBXNativeTarget "ARCharacter" */ = {
			isa = XCConfigurationList;
			buildConfigurations = (
				A531255C2126A06E00CED823 /* Debug */,
				A531255D2126A06E00CED823 /* Release */,
			);
			defaultConfigurationIsVisible = 0;
			defaultConfigurationName = Release;
		};
/* End XCConfigurationList section */
	};
	rootObject = A531253F2126A06B00CED823 /* Project object */;
}
